
Microsoft Visual Studio Solution File, Format Version 12.00
# Visual Studio Version 17
VisualStudioVersion = 17.0.32126.317
MinimumVisualStudioVersion = 10.0.40219.1
Project("{FAE04EC0-301F-11D3-BF4B-00C04F79EFBC}") = "ContainerCRUD", "ContainerCRUD\ContainerCRUD.csproj", "{B42C3D02-C9CE-4CC6-8417-99E71DAB855F}"
EndProject
Global
	GlobalSection(SolutionConfigurationPlatforms) = preSolution
		Debug|Any CPU = Debug|Any CPU
		Release|Any CPU = Release|Any CPU
	EndGlobalSection
	GlobalSection(ProjectConfigurationPlatforms) = postSolution
		{B42C3D02-C9CE-4CC6-8417-99E71DAB855F}.Debug|Any CPU.ActiveCfg = Debug|Any CPU
		{B42C3D02-C9CE-4CC6-8417-99E71DAB855F}.Debug|Any CPU.Build.0 = Debug|Any CPU
		{B42C3D02-C9CE-4CC6-8417-99E71DAB855F}.Release|Any CPU.ActiveCfg = Release|Any CPU
		{B42C3D02-C9CE-4CC6-8417-99E71DAB855F}.Release|Any CPU.Build.0 = Release|Any CPU
	EndGlobalSection
	GlobalSection(SolutionProperties) = preSolution
		HideSolutionNode = FALSE
	EndGlobalSection
	GlobalSection(ExtensibilityGlobals) = postSolution
		SolutionGuid = {CD0786AD-83EA-4672-B1E3-2C40A42FFEB8}
	EndGlobalSection
EndGlobal
